// !$*UTF8*$!
{
	archiveVersion = 1;
	classes = {
	};
	objectVersion = 56;
	objects = {

/* Begin PBXBuildFile section */
		49C08C6429C830F900F2B5D2 /* RioApp.swift in Sources */ = {isa = PBXBuildFile; fileRef = 49C08C6329C830F900F2B5D2 /* RioApp.swift */; };
		49C08C6629C830F900F2B5D2 /* ContentView.swift in Sources */ = {isa = PBXBuildFile; fileRef = 49C08C6529C830F900F2B5D2 /* ContentView.swift */; };
		49C08C6829C830FB00F2B5D2 /* Assets.xcassets in Resources */ = {isa = PBXBuildFile; fileRef = 49C08C6729C830FB00F2B5D2 /* Assets.xcassets */; };
		49C08C6B29C830FB00F2B5D2 /* Preview Assets.xcassets in Resources */ = {isa = PBXBuildFile; fileRef = 49C08C6A29C830FB00F2B5D2 /* Preview Assets.xcassets */; };
		49C08C7529C830FB00F2B5D2 /* RioTests.swift in Sources */ = {isa = PBXBuildFile; fileRef = 49C08C7429C830FB00F2B5D2 /* RioTests.swift */; };
		49C08C7F29C830FB00F2B5D2 /* RioUITests.swift in Sources */ = {isa = PBXBuildFile; fileRef = 49C08C7E29C830FB00F2B5D2 /* RioUITests.swift */; };
		49C08C8129C830FB00F2B5D2 /* RioUITestsLaunchTests.swift in Sources */ = {isa = PBXBuildFile; fileRef = 49C08C8029C830FB00F2B5D2 /* RioUITestsLaunchTests.swift */; };
		49C08C8E29C8315E00F2B5D2 /* AuthenticationManager.swift in Sources */ = {isa = PBXBuildFile; fileRef = 49C08C8D29C8315E00F2B5D2 /* AuthenticationManager.swift */; };
		49C08C9129C831AD00F2B5D2 /* FirebaseAppCheck in Frameworks */ = {isa = PBXBuildFile; productRef = 49C08C9029C831AD00F2B5D2 /* FirebaseAppCheck */; };
		49C08C9329C831AD00F2B5D2 /* FirebaseAuth in Frameworks */ = {isa = PBXBuildFile; productRef = 49C08C9229C831AD00F2B5D2 /* FirebaseAuth */; };
		49C08C9529C831AD00F2B5D2 /* FirebaseAuthCombine-Community in Frameworks */ = {isa = PBXBuildFile; productRef = 49C08C9429C831AD00F2B5D2 /* FirebaseAuthCombine-Community */; };
		49C08C9729C831AD00F2B5D2 /* FirebaseDatabase in Frameworks */ = {isa = PBXBuildFile; productRef = 49C08C9629C831AD00F2B5D2 /* FirebaseDatabase */; };
		49C08C9929C831AD00F2B5D2 /* FirebaseDatabaseSwift in Frameworks */ = {isa = PBXBuildFile; productRef = 49C08C9829C831AD00F2B5D2 /* FirebaseDatabaseSwift */; };
		49C08C9B29C831AD00F2B5D2 /* FirebaseDynamicLinks in Frameworks */ = {isa = PBXBuildFile; productRef = 49C08C9A29C831AD00F2B5D2 /* FirebaseDynamicLinks */; };
		49C08C9D29C831AD00F2B5D2 /* FirebaseFirestore in Frameworks */ = {isa = PBXBuildFile; productRef = 49C08C9C29C831AD00F2B5D2 /* FirebaseFirestore */; };
		49C08C9F29C831AD00F2B5D2 /* FirebaseFirestoreCombine-Community in Frameworks */ = {isa = PBXBuildFile; productRef = 49C08C9E29C831AD00F2B5D2 /* FirebaseFirestoreCombine-Community */; };
		49C08CA129C831AD00F2B5D2 /* FirebaseFirestoreSwift in Frameworks */ = {isa = PBXBuildFile; productRef = 49C08CA029C831AD00F2B5D2 /* FirebaseFirestoreSwift */; };
		49C08CA329C831AD00F2B5D2 /* FirebaseFunctions in Frameworks */ = {isa = PBXBuildFile; productRef = 49C08CA229C831AD00F2B5D2 /* FirebaseFunctions */; };
		49C08CA529C831AD00F2B5D2 /* FirebaseFunctionsCombine-Community in Frameworks */ = {isa = PBXBuildFile; productRef = 49C08CA429C831AD00F2B5D2 /* FirebaseFunctionsCombine-Community */; };
		49C08CA729C831AD00F2B5D2 /* FirebaseInAppMessaging-Beta in Frameworks */ = {isa = PBXBuildFile; productRef = 49C08CA629C831AD00F2B5D2 /* FirebaseInAppMessaging-Beta */; };
		49C08CA929C831AD00F2B5D2 /* FirebaseInAppMessagingSwift-Beta in Frameworks */ = {isa = PBXBuildFile; productRef = 49C08CA829C831AD00F2B5D2 /* FirebaseInAppMessagingSwift-Beta */; };
		49C08CAB29C831AD00F2B5D2 /* FirebaseInstallations in Frameworks */ = {isa = PBXBuildFile; productRef = 49C08CAA29C831AD00F2B5D2 /* FirebaseInstallations */; };
		49C08CAD29C831AD00F2B5D2 /* FirebaseMessaging in Frameworks */ = {isa = PBXBuildFile; productRef = 49C08CAC29C831AD00F2B5D2 /* FirebaseMessaging */; };
		49C08CAF29C831AD00F2B5D2 /* FirebasePerformance in Frameworks */ = {isa = PBXBuildFile; productRef = 49C08CAE29C831AD00F2B5D2 /* FirebasePerformance */; };
		49C08CB129C831AD00F2B5D2 /* FirebaseRemoteConfig in Frameworks */ = {isa = PBXBuildFile; productRef = 49C08CB029C831AD00F2B5D2 /* FirebaseRemoteConfig */; };
		49C08CB329C831AD00F2B5D2 /* FirebaseRemoteConfigSwift in Frameworks */ = {isa = PBXBuildFile; productRef = 49C08CB229C831AD00F2B5D2 /* FirebaseRemoteConfigSwift */; };
		49C08CB529C831AD00F2B5D2 /* FirebaseStorage in Frameworks */ = {isa = PBXBuildFile; productRef = 49C08CB429C831AD00F2B5D2 /* FirebaseStorage */; };
		49C08CB729C831AD00F2B5D2 /* FirebaseStorageCombine-Community in Frameworks */ = {isa = PBXBuildFile; productRef = 49C08CB629C831AD00F2B5D2 /* FirebaseStorageCombine-Community */; };
		49C08CB929C831C100F2B5D2 /* CalendarManager.swift in Sources */ = {isa = PBXBuildFile; fileRef = 49C08CB829C831C100F2B5D2 /* CalendarManager.swift */; };
		49C08CBB29C831F900F2B5D2 /* LoginView.swift in Sources */ = {isa = PBXBuildFile; fileRef = 49C08CBA29C831F900F2B5D2 /* LoginView.swift */; };
		49C08CBD29C8320E00F2B5D2 /* SettingsView.swift in Sources */ = {isa = PBXBuildFile; fileRef = 49C08CBC29C8320E00F2B5D2 /* SettingsView.swift */; };
		49C08CBF29C8322E00F2B5D2 /* ImagePicker.swift in Sources */ = {isa = PBXBuildFile; fileRef = 49C08CBE29C8322E00F2B5D2 /* ImagePicker.swift */; };
		49C08CC129C8325200F2B5D2 /* MainTabView.swift in Sources */ = {isa = PBXBuildFile; fileRef = 49C08CC029C8325200F2B5D2 /* MainTabView.swift */; };
		49C08CC329C8326400F2B5D2 /* CalendarView.swift in Sources */ = {isa = PBXBuildFile; fileRef = 49C08CC229C8326400F2B5D2 /* CalendarView.swift */; };
		49C08CC529C8327F00F2B5D2 /* UserModel.swift in Sources */ = {isa = PBXBuildFile; fileRef = 49C08CC429C8327F00F2B5D2 /* UserModel.swift */; };
		49C08CC729C8328C00F2B5D2 /* ImageData.swift in Sources */ = {isa = PBXBuildFile; fileRef = 49C08CC629C8328C00F2B5D2 /* ImageData.swift */; };
		49C08CC929C832A200F2B5D2 /* CalendarDayView.swift in Sources */ = {isa = PBXBuildFile; fileRef = 49C08CC829C832A200F2B5D2 /* CalendarDayView.swift */; };
		49C08CCB29C832B700F2B5D2 /* CalendarWeekView.swift in Sources */ = {isa = PBXBuildFile; fileRef = 49C08CCA29C832B700F2B5D2 /* CalendarWeekView.swift */; };
		49C08CCD29C832C800F2B5D2 /* CalendarGridView.swift in Sources */ = {isa = PBXBuildFile; fileRef = 49C08CCC29C832C800F2B5D2 /* CalendarGridView.swift */; };
		49C08CCF29C832D900F2B5D2 /* DaysOfWeekView.swift in Sources */ = {isa = PBXBuildFile; fileRef = 49C08CCE29C832D900F2B5D2 /* DaysOfWeekView.swift */; };
		49C08CD129C8341100F2B5D2 /* GoogleService-Info.plist in Resources */ = {isa = PBXBuildFile; fileRef = 49C08CD029C8341100F2B5D2 /* GoogleService-Info.plist */; };
/* End PBXBuildFile section */

/* Begin PBXContainerItemProxy section */
		49C08C7129C830FB00F2B5D2 /* PBXContainerItemProxy */ = {
			isa = PBXContainerItemProxy;
			containerPortal = 49C08C5829C830F900F2B5D2 /* Project object */;
			proxyType = 1;
			remoteGlobalIDString = 49C08C5F29C830F900F2B5D2;
			remoteInfo = Rio;
		};
		49C08C7B29C830FB00F2B5D2 /* PBXContainerItemProxy */ = {
			isa = PBXContainerItemProxy;
			containerPortal = 49C08C5829C830F900F2B5D2 /* Project object */;
			proxyType = 1;
			remoteGlobalIDString = 49C08C5F29C830F900F2B5D2;
			remoteInfo = Rio;
		};
/* End PBXContainerItemProxy section */

/* Begin PBXFileReference section */
		49C08C6029C830F900F2B5D2 /* Rio.app */ = {isa = PBXFileReference; explicitFileType = wrapper.application; includeInIndex = 0; path = Rio.app; sourceTree = BUILT_PRODUCTS_DIR; };
		49C08C6329C830F900F2B5D2 /* RioApp.swift */ = {isa = PBXFileReference; lastKnownFileType = sourcecode.swift; path = RioApp.swift; sourceTree = "<group>"; };
		49C08C6529C830F900F2B5D2 /* ContentView.swift */ = {isa = PBXFileReference; lastKnownFileType = sourcecode.swift; path = ContentView.swift; sourceTree = "<group>"; };
		49C08C6729C830FB00F2B5D2 /* Assets.xcassets */ = {isa = PBXFileReference; lastKnownFileType = folder.assetcatalog; path = Assets.xcassets; sourceTree = "<group>"; };
		49C08C6A29C830FB00F2B5D2 /* Preview Assets.xcassets */ = {isa = PBXFileReference; lastKnownFileType = folder.assetcatalog; path = "Preview Assets.xcassets"; sourceTree = "<group>"; };
		49C08C7029C830FB00F2B5D2 /* RioTests.xctest */ = {isa = PBXFileReference; explicitFileType = wrapper.cfbundle; includeInIndex = 0; path = RioTests.xctest; sourceTree = BUILT_PRODUCTS_DIR; };
		49C08C7429C830FB00F2B5D2 /* RioTests.swift */ = {isa = PBXFileReference; lastKnownFileType = sourcecode.swift; path = RioTests.swift; sourceTree = "<group>"; };
		49C08C7A29C830FB00F2B5D2 /* RioUITests.xctest */ = {isa = PBXFileReference; explicitFileType = wrapper.cfbundle; includeInIndex = 0; path = RioUITests.xctest; sourceTree = BUILT_PRODUCTS_DIR; };
		49C08C7E29C830FB00F2B5D2 /* RioUITests.swift */ = {isa = PBXFileReference; lastKnownFileType = sourcecode.swift; path = RioUITests.swift; sourceTree = "<group>"; };
		49C08C8029C830FB00F2B5D2 /* RioUITestsLaunchTests.swift */ = {isa = PBXFileReference; lastKnownFileType = sourcecode.swift; path = RioUITestsLaunchTests.swift; sourceTree = "<group>"; };
		49C08C8D29C8315E00F2B5D2 /* AuthenticationManager.swift */ = {isa = PBXFileReference; lastKnownFileType = sourcecode.swift; path = AuthenticationManager.swift; sourceTree = "<group>"; };
		49C08CB829C831C100F2B5D2 /* CalendarManager.swift */ = {isa = PBXFileReference; lastKnownFileType = sourcecode.swift; path = CalendarManager.swift; sourceTree = "<group>"; };
		49C08CBA29C831F900F2B5D2 /* LoginView.swift */ = {isa = PBXFileReference; lastKnownFileType = sourcecode.swift; path = LoginView.swift; sourceTree = "<group>"; };
		49C08CBC29C8320E00F2B5D2 /* SettingsView.swift */ = {isa = PBXFileReference; lastKnownFileType = sourcecode.swift; path = SettingsView.swift; sourceTree = "<group>"; };
		49C08CBE29C8322E00F2B5D2 /* ImagePicker.swift */ = {isa = PBXFileReference; lastKnownFileType = sourcecode.swift; path = ImagePicker.swift; sourceTree = "<group>"; };
		49C08CC029C8325200F2B5D2 /* MainTabView.swift */ = {isa = PBXFileReference; lastKnownFileType = sourcecode.swift; path = MainTabView.swift; sourceTree = "<group>"; };
		49C08CC229C8326400F2B5D2 /* CalendarView.swift */ = {isa = PBXFileReference; lastKnownFileType = sourcecode.swift; path = CalendarView.swift; sourceTree = "<group>"; };
		49C08CC429C8327F00F2B5D2 /* UserModel.swift */ = {isa = PBXFileReference; lastKnownFileType = sourcecode.swift; path = UserModel.swift; sourceTree = "<group>"; };
		49C08CC629C8328C00F2B5D2 /* ImageData.swift */ = {isa = PBXFileReference; lastKnownFileType = sourcecode.swift; path = ImageData.swift; sourceTree = "<group>"; };
		49C08CC829C832A200F2B5D2 /* CalendarDayView.swift */ = {isa = PBXFileReference; lastKnownFileType = sourcecode.swift; path = CalendarDayView.swift; sourceTree = "<group>"; };
		49C08CCA29C832B700F2B5D2 /* CalendarWeekView.swift */ = {isa = PBXFileReference; lastKnownFileType = sourcecode.swift; path = CalendarWeekView.swift; sourceTree = "<group>"; };
		49C08CCC29C832C800F2B5D2 /* CalendarGridView.swift */ = {isa = PBXFileReference; lastKnownFileType = sourcecode.swift; path = CalendarGridView.swift; sourceTree = "<group>"; };
		49C08CCE29C832D900F2B5D2 /* DaysOfWeekView.swift */ = {isa = PBXFileReference; lastKnownFileType = sourcecode.swift; path = DaysOfWeekView.swift; sourceTree = "<group>"; };
		49C08CD029C8341100F2B5D2 /* GoogleService-Info.plist */ = {isa = PBXFileReference; fileEncoding = 4; lastKnownFileType = text.plist.xml; name = "GoogleService-Info.plist"; path = "../../../../Downloads/GoogleService-Info.plist"; sourceTree = "<group>"; };
/* End PBXFileReference section */

/* Begin PBXFrameworksBuildPhase section */
		49C08C5D29C830F900F2B5D2 /* Frameworks */ = {
			isa = PBXFrameworksBuildPhase;
			buildActionMask = 2147483647;
			files = (
				49C08C9929C831AD00F2B5D2 /* FirebaseDatabaseSwift in Frameworks */,
				49C08CAB29C831AD00F2B5D2 /* FirebaseInstallations in Frameworks */,
				49C08CB729C831AD00F2B5D2 /* FirebaseStorageCombine-Community in Frameworks */,
				49C08C9F29C831AD00F2B5D2 /* FirebaseFirestoreCombine-Community in Frameworks */,
				49C08CB329C831AD00F2B5D2 /* FirebaseRemoteConfigSwift in Frameworks */,
				49C08C9129C831AD00F2B5D2 /* FirebaseAppCheck in Frameworks */,
				49C08CB129C831AD00F2B5D2 /* FirebaseRemoteConfig in Frameworks */,
				49C08C9529C831AD00F2B5D2 /* FirebaseAuthCombine-Community in Frameworks */,
				49C08C9729C831AD00F2B5D2 /* FirebaseDatabase in Frameworks */,
				49C08CAF29C831AD00F2B5D2 /* FirebasePerformance in Frameworks */,
				49C08CB529C831AD00F2B5D2 /* FirebaseStorage in Frameworks */,
				49C08C9329C831AD00F2B5D2 /* FirebaseAuth in Frameworks */,
				49C08C9B29C831AD00F2B5D2 /* FirebaseDynamicLinks in Frameworks */,
				49C08CA329C831AD00F2B5D2 /* FirebaseFunctions in Frameworks */,
				49C08CA929C831AD00F2B5D2 /* FirebaseInAppMessagingSwift-Beta in Frameworks */,
				49C08C9D29C831AD00F2B5D2 /* FirebaseFirestore in Frameworks */,
				49C08CA529C831AD00F2B5D2 /* FirebaseFunctionsCombine-Community in Frameworks */,
				49C08CAD29C831AD00F2B5D2 /* FirebaseMessaging in Frameworks */,
				49C08CA129C831AD00F2B5D2 /* FirebaseFirestoreSwift in Frameworks */,
				49C08CA729C831AD00F2B5D2 /* FirebaseInAppMessaging-Beta in Frameworks */,
			);
			runOnlyForDeploymentPostprocessing = 0;
		};
		49C08C6D29C830FB00F2B5D2 /* Frameworks */ = {
			isa = PBXFrameworksBuildPhase;
			buildActionMask = 2147483647;
			files = (
			);
			runOnlyForDeploymentPostprocessing = 0;
		};
		49C08C7729C830FB00F2B5D2 /* Frameworks */ = {
			isa = PBXFrameworksBuildPhase;
			buildActionMask = 2147483647;
			files = (
			);
			runOnlyForDeploymentPostprocessing = 0;
		};
/* End PBXFrameworksBuildPhase section */

/* Begin PBXGroup section */
		49C08C5729C830F900F2B5D2 = {
			isa = PBXGroup;
			children = (
				49C08C6229C830F900F2B5D2 /* Rio */,
				49C08C7329C830FB00F2B5D2 /* RioTests */,
				49C08C7D29C830FB00F2B5D2 /* RioUITests */,
				49C08C6129C830F900F2B5D2 /* Products */,
			);
			sourceTree = "<group>";
		};
		49C08C6129C830F900F2B5D2 /* Products */ = {
			isa = PBXGroup;
			children = (
				49C08C6029C830F900F2B5D2 /* Rio.app */,
				49C08C7029C830FB00F2B5D2 /* RioTests.xctest */,
				49C08C7A29C830FB00F2B5D2 /* RioUITests.xctest */,
			);
			name = Products;
			sourceTree = "<group>";
		};
		49C08C6229C830F900F2B5D2 /* Rio */ = {
			isa = PBXGroup;
			children = (
				49C08CD029C8341100F2B5D2 /* GoogleService-Info.plist */,
				49C08C6329C830F900F2B5D2 /* RioApp.swift */,
				49C08C8D29C8315E00F2B5D2 /* AuthenticationManager.swift */,
				49C08CB829C831C100F2B5D2 /* CalendarManager.swift */,
				49C08CBA29C831F900F2B5D2 /* LoginView.swift */,
				49C08CBE29C8322E00F2B5D2 /* ImagePicker.swift */,
				49C08CC029C8325200F2B5D2 /* MainTabView.swift */,
				49C08CC229C8326400F2B5D2 /* CalendarView.swift */,
				49C08CC429C8327F00F2B5D2 /* UserModel.swift */,
				49C08CC629C8328C00F2B5D2 /* ImageData.swift */,
				49C08CC829C832A200F2B5D2 /* CalendarDayView.swift */,
				49C08CCA29C832B700F2B5D2 /* CalendarWeekView.swift */,
				49C08CCC29C832C800F2B5D2 /* CalendarGridView.swift */,
				49C08CCE29C832D900F2B5D2 /* DaysOfWeekView.swift */,
				49C08CBC29C8320E00F2B5D2 /* SettingsView.swift */,
				49C08C6529C830F900F2B5D2 /* ContentView.swift */,
				49C08C6729C830FB00F2B5D2 /* Assets.xcassets */,
				49C08C6929C830FB00F2B5D2 /* Preview Content */,
			);
			path = Rio;
			sourceTree = "<group>";
		};
		49C08C6929C830FB00F2B5D2 /* Preview Content */ = {
			isa = PBXGroup;
			children = (
				49C08C6A29C830FB00F2B5D2 /* Preview Assets.xcassets */,
			);
			path = "Preview Content";
			sourceTree = "<group>";
		};
		49C08C7329C830FB00F2B5D2 /* RioTests */ = {
			isa = PBXGroup;
			children = (
				49C08C7429C830FB00F2B5D2 /* RioTests.swift */,
			);
			path = RioTests;
			sourceTree = "<group>";
		};
		49C08C7D29C830FB00F2B5D2 /* RioUITests */ = {
			isa = PBXGroup;
			children = (
				49C08C7E29C830FB00F2B5D2 /* RioUITests.swift */,
				49C08C8029C830FB00F2B5D2 /* RioUITestsLaunchTests.swift */,
			);
			path = RioUITests;
			sourceTree = "<group>";
		};
/* End PBXGroup section */

/* Begin PBXNativeTarget section */
		49C08C5F29C830F900F2B5D2 /* Rio */ = {
			isa = PBXNativeTarget;
			buildConfigurationList = 49C08C8429C830FB00F2B5D2 /* Build configuration list for PBXNativeTarget "Rio" */;
			buildPhases = (
				49C08C5C29C830F900F2B5D2 /* Sources */,
				49C08C5D29C830F900F2B5D2 /* Frameworks */,
				49C08C5E29C830F900F2B5D2 /* Resources */,
			);
			buildRules = (
			);
			dependencies = (
			);
			name = Rio;
			packageProductDependencies = (
				49C08C9029C831AD00F2B5D2 /* FirebaseAppCheck */,
				49C08C9229C831AD00F2B5D2 /* FirebaseAuth */,
				49C08C9429C831AD00F2B5D2 /* FirebaseAuthCombine-Community */,
				49C08C9629C831AD00F2B5D2 /* FirebaseDatabase */,
				49C08C9829C831AD00F2B5D2 /* FirebaseDatabaseSwift */,
				49C08C9A29C831AD00F2B5D2 /* FirebaseDynamicLinks */,
				49C08C9C29C831AD00F2B5D2 /* FirebaseFirestore */,
				49C08C9E29C831AD00F2B5D2 /* FirebaseFirestoreCombine-Community */,
				49C08CA029C831AD00F2B5D2 /* FirebaseFirestoreSwift */,
				49C08CA229C831AD00F2B5D2 /* FirebaseFunctions */,
				49C08CA429C831AD00F2B5D2 /* FirebaseFunctionsCombine-Community */,
				49C08CA629C831AD00F2B5D2 /* FirebaseInAppMessaging-Beta */,
				49C08CA829C831AD00F2B5D2 /* FirebaseInAppMessagingSwift-Beta */,
				49C08CAA29C831AD00F2B5D2 /* FirebaseInstallations */,
				49C08CAC29C831AD00F2B5D2 /* FirebaseMessaging */,
				49C08CAE29C831AD00F2B5D2 /* FirebasePerformance */,
				49C08CB029C831AD00F2B5D2 /* FirebaseRemoteConfig */,
				49C08CB229C831AD00F2B5D2 /* FirebaseRemoteConfigSwift */,
				49C08CB429C831AD00F2B5D2 /* FirebaseStorage */,
				49C08CB629C831AD00F2B5D2 /* FirebaseStorageCombine-Community */,
			);
			productName = Rio;
			productReference = 49C08C6029C830F900F2B5D2 /* Rio.app */;
			productType = "com.apple.product-type.application";
		};
		49C08C6F29C830FB00F2B5D2 /* RioTests */ = {
			isa = PBXNativeTarget;
			buildConfigurationList = 49C08C8729C830FB00F2B5D2 /* Build configuration list for PBXNativeTarget "RioTests" */;
			buildPhases = (
				49C08C6C29C830FB00F2B5D2 /* Sources */,
				49C08C6D29C830FB00F2B5D2 /* Frameworks */,
				49C08C6E29C830FB00F2B5D2 /* Resources */,
			);
			buildRules = (
			);
			dependencies = (
				49C08C7229C830FB00F2B5D2 /* PBXTargetDependency */,
			);
			name = RioTests;
			productName = RioTests;
			productReference = 49C08C7029C830FB00F2B5D2 /* RioTests.xctest */;
			productType = "com.apple.product-type.bundle.unit-test";
		};
		49C08C7929C830FB00F2B5D2 /* RioUITests */ = {
			isa = PBXNativeTarget;
			buildConfigurationList = 49C08C8A29C830FB00F2B5D2 /* Build configuration list for PBXNativeTarget "RioUITests" */;
			buildPhases = (
				49C08C7629C830FB00F2B5D2 /* Sources */,
				49C08C7729C830FB00F2B5D2 /* Frameworks */,
				49C08C7829C830FB00F2B5D2 /* Resources */,
			);
			buildRules = (
			);
			dependencies = (
				49C08C7C29C830FB00F2B5D2 /* PBXTargetDependency */,
			);
			name = RioUITests;
			productName = RioUITests;
			productReference = 49C08C7A29C830FB00F2B5D2 /* RioUITests.xctest */;
			productType = "com.apple.product-type.bundle.ui-testing";
		};
/* End PBXNativeTarget section */

/* Begin PBXProject section */
		49C08C5829C830F900F2B5D2 /* Project object */ = {
			isa = PBXProject;
			attributes = {
				BuildIndependentTargetsInParallel = 1;
				LastSwiftUpdateCheck = 1420;
				LastUpgradeCheck = 1420;
				TargetAttributes = {
					49C08C5F29C830F900F2B5D2 = {
						CreatedOnToolsVersion = 14.2;
					};
					49C08C6F29C830FB00F2B5D2 = {
						CreatedOnToolsVersion = 14.2;
						TestTargetID = 49C08C5F29C830F900F2B5D2;
					};
					49C08C7929C830FB00F2B5D2 = {
						CreatedOnToolsVersion = 14.2;
						TestTargetID = 49C08C5F29C830F900F2B5D2;
					};
				};
			};
			buildConfigurationList = 49C08C5B29C830F900F2B5D2 /* Build configuration list for PBXProject "Rio" */;
			compatibilityVersion = "Xcode 14.0";
			developmentRegion = en;
			hasScannedForEncodings = 0;
			knownRegions = (
				en,
				Base,
			);
			mainGroup = 49C08C5729C830F900F2B5D2;
			packageReferences = (
				49C08C8F29C831AD00F2B5D2 /* XCRemoteSwiftPackageReference "firebase-ios-sdk" */,
			);
			productRefGroup = 49C08C6129C830F900F2B5D2 /* Products */;
			projectDirPath = "";
			projectRoot = "";
			targets = (
				49C08C5F29C830F900F2B5D2 /* Rio */,
				49C08C6F29C830FB00F2B5D2 /* RioTests */,
				49C08C7929C830FB00F2B5D2 /* RioUITests */,
			);
		};
/* End PBXProject section */

/* Begin PBXResourcesBuildPhase section */
		49C08C5E29C830F900F2B5D2 /* Resources */ = {
			isa = PBXResourcesBuildPhase;
			buildActionMask = 2147483647;
			files = (
				49C08C6B29C830FB00F2B5D2 /* Preview Assets.xcassets in Resources */,
				49C08C6829C830FB00F2B5D2 /* Assets.xcassets in Resources */,
				49C08CD129C8341100F2B5D2 /* GoogleService-Info.plist in Resources */,
			);
			runOnlyForDeploymentPostprocessing = 0;
		};
		49C08C6E29C830FB00F2B5D2 /* Resources */ = {
			isa = PBXResourcesBuildPhase;
			buildActionMask = 2147483647;
			files = (
			);
			runOnlyForDeploymentPostprocessing = 0;
		};
		49C08C7829C830FB00F2B5D2 /* Resources */ = {
			isa = PBXResourcesBuildPhase;
			buildActionMask = 2147483647;
			files = (
			);
			runOnlyForDeploymentPostprocessing = 0;
		};
/* End PBXResourcesBuildPhase section */

/* Begin PBXSourcesBuildPhase section */
		49C08C5C29C830F900F2B5D2 /* Sources */ = {
			isa = PBXSourcesBuildPhase;
			buildActionMask = 2147483647;
			files = (
				49C08C8E29C8315E00F2B5D2 /* AuthenticationManager.swift in Sources */,
				49C08CB929C831C100F2B5D2 /* CalendarManager.swift in Sources */,
				49C08C6629C830F900F2B5D2 /* ContentView.swift in Sources */,
				49C08CC929C832A200F2B5D2 /* CalendarDayView.swift in Sources */,
				49C08CC129C8325200F2B5D2 /* MainTabView.swift in Sources */,
				49C08CBF29C8322E00F2B5D2 /* ImagePicker.swift in Sources */,
				49C08CC329C8326400F2B5D2 /* CalendarView.swift in Sources */,
				49C08CCF29C832D900F2B5D2 /* DaysOfWeekView.swift in Sources */,
				49C08CC729C8328C00F2B5D2 /* ImageData.swift in Sources */,
				49C08CBD29C8320E00F2B5D2 /* SettingsView.swift in Sources */,
				49C08CBB29C831F900F2B5D2 /* LoginView.swift in Sources */,
				49C08CCB29C832B700F2B5D2 /* CalendarWeekView.swift in Sources */,
				49C08CC529C8327F00F2B5D2 /* UserModel.swift in Sources */,
				49C08CCD29C832C800F2B5D2 /* CalendarGridView.swift in Sources */,
				49C08C6429C830F900F2B5D2 /* RioApp.swift in Sources */,
			);
			runOnlyForDeploymentPostprocessing = 0;
		};
		49C08C6C29C830FB00F2B5D2 /* Sources */ = {
			isa = PBXSourcesBuildPhase;
			buildActionMask = 2147483647;
			files = (
				49C08C7529C830FB00F2B5D2 /* RioTests.swift in Sources */,
			);
			runOnlyForDeploymentPostprocessing = 0;
		};
		49C08C7629C830FB00F2B5D2 /* Sources */ = {
			isa = PBXSourcesBuildPhase;
			buildActionMask = 2147483647;
			files = (
				49C08C7F29C830FB00F2B5D2 /* RioUITests.swift in Sources */,
				49C08C8129C830FB00F2B5D2 /* RioUITestsLaunchTests.swift in Sources */,
			);
			runOnlyForDeploymentPostprocessing = 0;
		};
/* End PBXSourcesBuildPhase section */

/* Begin PBXTargetDependency section */
		49C08C7229C830FB00F2B5D2 /* PBXTargetDependency */ = {
			isa = PBXTargetDependency;
			target = 49C08C5F29C830F900F2B5D2 /* Rio */;
			targetProxy = 49C08C7129C830FB00F2B5D2 /* PBXContainerItemProxy */;
		};
		49C08C7C29C830FB00F2B5D2 /* PBXTargetDependency */ = {
			isa = PBXTargetDependency;
			target = 49C08C5F29C830F900F2B5D2 /* Rio */;
			targetProxy = 49C08C7B29C830FB00F2B5D2 /* PBXContainerItemProxy */;
		};
/* End PBXTargetDependency section */

/* Begin XCBuildConfiguration section */
		49C08C8229C830FB00F2B5D2 /* Debug */ = {
			isa = XCBuildConfiguration;
			buildSettings = {
				ALWAYS_SEARCH_USER_PATHS = NO;
				CLANG_ANALYZER_NONNULL = YES;
				CLANG_ANALYZER_NUMBER_OBJECT_CONVERSION = YES_AGGRESSIVE;
				CLANG_CXX_LANGUAGE_STANDARD = "gnu++20";
				CLANG_ENABLE_MODULES = YES;
				CLANG_ENABLE_OBJC_ARC = YES;
				CLANG_ENABLE_OBJC_WEAK = YES;
				CLANG_WARN_BLOCK_CAPTURE_AUTORELEASING = YES;
				CLANG_WARN_BOOL_CONVERSION = YES;
				CLANG_WARN_COMMA = YES;
				CLANG_WARN_CONSTANT_CONVERSION = YES;
				CLANG_WARN_DEPRECATED_OBJC_IMPLEMENTATIONS = YES;
				CLANG_WARN_DIRECT_OBJC_ISA_USAGE = YES_ERROR;
				CLANG_WARN_DOCUMENTATION_COMMENTS = YES;
				CLANG_WARN_EMPTY_BODY = YES;
				CLANG_WARN_ENUM_CONVERSION = YES;
				CLANG_WARN_INFINITE_RECURSION = YES;
				CLANG_WARN_INT_CONVERSION = YES;
				CLANG_WARN_NON_LITERAL_NULL_CONVERSION = YES;
				CLANG_WARN_OBJC_IMPLICIT_RETAIN_SELF = YES;
				CLANG_WARN_OBJC_LITERAL_CONVERSION = YES;
				CLANG_WARN_OBJC_ROOT_CLASS = YES_ERROR;
				CLANG_WARN_QUOTED_INCLUDE_IN_FRAMEWORK_HEADER = YES;
				CLANG_WARN_RANGE_LOOP_ANALYSIS = YES;
				CLANG_WARN_STRICT_PROTOTYPES = YES;
				CLANG_WARN_SUSPICIOUS_MOVE = YES;
				CLANG_WARN_UNGUARDED_AVAILABILITY = YES_AGGRESSIVE;
				CLANG_WARN_UNREACHABLE_CODE = YES;
				CLANG_WARN__DUPLICATE_METHOD_MATCH = YES;
				COPY_PHASE_STRIP = NO;
				DEBUG_INFORMATION_FORMAT = dwarf;
				ENABLE_STRICT_OBJC_MSGSEND = YES;
				ENABLE_TESTABILITY = YES;
				GCC_C_LANGUAGE_STANDARD = gnu11;
				GCC_DYNAMIC_NO_PIC = NO;
				GCC_NO_COMMON_BLOCKS = YES;
				GCC_OPTIMIZATION_LEVEL = 0;
				GCC_PREPROCESSOR_DEFINITIONS = (
					"DEBUG=1",
					"$(inherited)",
				);
				GCC_WARN_64_TO_32_BIT_CONVERSION = YES;
				GCC_WARN_ABOUT_RETURN_TYPE = YES_ERROR;
				GCC_WARN_UNDECLARED_SELECTOR = YES;
				GCC_WARN_UNINITIALIZED_AUTOS = YES_AGGRESSIVE;
				GCC_WARN_UNUSED_FUNCTION = YES;
				GCC_WARN_UNUSED_VARIABLE = YES;
				IPHONEOS_DEPLOYMENT_TARGET = 16.2;
				MTL_ENABLE_DEBUG_INFO = INCLUDE_SOURCE;
				MTL_FAST_MATH = YES;
				ONLY_ACTIVE_ARCH = YES;
				SDKROOT = iphoneos;
				SWIFT_ACTIVE_COMPILATION_CONDITIONS = DEBUG;
				SWIFT_OPTIMIZATION_LEVEL = "-Onone";
			};
			name = Debug;
		};
		49C08C8329C830FB00F2B5D2 /* Release */ = {
			isa = XCBuildConfiguration;
			buildSettings = {
				ALWAYS_SEARCH_USER_PATHS = NO;
				CLANG_ANALYZER_NONNULL = YES;
				CLANG_ANALYZER_NUMBER_OBJECT_CONVERSION = YES_AGGRESSIVE;
				CLANG_CXX_LANGUAGE_STANDARD = "gnu++20";
				CLANG_ENABLE_MODULES = YES;
				CLANG_ENABLE_OBJC_ARC = YES;
				CLANG_ENABLE_OBJC_WEAK = YES;
				CLANG_WARN_BLOCK_CAPTURE_AUTORELEASING = YES;
				CLANG_WARN_BOOL_CONVERSION = YES;
				CLANG_WARN_COMMA = YES;
				CLANG_WARN_CONSTANT_CONVERSION = YES;
				CLANG_WARN_DEPRECATED_OBJC_IMPLEMENTATIONS = YES;
				CLANG_WARN_DIRECT_OBJC_ISA_USAGE = YES_ERROR;
				CLANG_WARN_DOCUMENTATION_COMMENTS = YES;
				CLANG_WARN_EMPTY_BODY = YES;
				CLANG_WARN_ENUM_CONVERSION = YES;
				CLANG_WARN_INFINITE_RECURSION = YES;
				CLANG_WARN_INT_CONVERSION = YES;
				CLANG_WARN_NON_LITERAL_NULL_CONVERSION = YES;
				CLANG_WARN_OBJC_IMPLICIT_RETAIN_SELF = YES;
				CLANG_WARN_OBJC_LITERAL_CONVERSION = YES;
				CLANG_WARN_OBJC_ROOT_CLASS = YES_ERROR;
				CLANG_WARN_QUOTED_INCLUDE_IN_FRAMEWORK_HEADER = YES;
				CLANG_WARN_RANGE_LOOP_ANALYSIS = YES;
				CLANG_WARN_STRICT_PROTOTYPES = YES;
				CLANG_WARN_SUSPICIOUS_MOVE = YES;
				CLANG_WARN_UNGUARDED_AVAILABILITY = YES_AGGRESSIVE;
				CLANG_WARN_UNREACHABLE_CODE = YES;
				CLANG_WARN__DUPLICATE_METHOD_MATCH = YES;
				COPY_PHASE_STRIP = NO;
				DEBUG_INFORMATION_FORMAT = "dwarf-with-dsym";
				ENABLE_NS_ASSERTIONS = NO;
				ENABLE_STRICT_OBJC_MSGSEND = YES;
				GCC_C_LANGUAGE_STANDARD = gnu11;
				GCC_NO_COMMON_BLOCKS = YES;
				GCC_WARN_64_TO_32_BIT_CONVERSION = YES;
				GCC_WARN_ABOUT_RETURN_TYPE = YES_ERROR;
				GCC_WARN_UNDECLARED_SELECTOR = YES;
				GCC_WARN_UNINITIALIZED_AUTOS = YES_AGGRESSIVE;
				GCC_WARN_UNUSED_FUNCTION = YES;
				GCC_WARN_UNUSED_VARIABLE = YES;
				IPHONEOS_DEPLOYMENT_TARGET = 16.2;
				MTL_ENABLE_DEBUG_INFO = NO;
				MTL_FAST_MATH = YES;
				SDKROOT = iphoneos;
				SWIFT_COMPILATION_MODE = wholemodule;
				SWIFT_OPTIMIZATION_LEVEL = "-O";
				VALIDATE_PRODUCT = YES;
			};
			name = Release;
		};
		49C08C8529C830FB00F2B5D2 /* Debug */ = {
			isa = XCBuildConfiguration;
			buildSettings = {
				ASSETCATALOG_COMPILER_APPICON_NAME = AppIcon;
				ASSETCATALOG_COMPILER_GLOBAL_ACCENT_COLOR_NAME = AccentColor;
				CODE_SIGN_STYLE = Automatic;
				CURRENT_PROJECT_VERSION = 1;
				DEVELOPMENT_ASSET_PATHS = "\"Rio/Preview Content\"";
				ENABLE_PREVIEWS = YES;
				GENERATE_INFOPLIST_FILE = YES;
				INFOPLIST_KEY_UIApplicationSceneManifest_Generation = YES;
				INFOPLIST_KEY_UIApplicationSupportsIndirectInputEvents = YES;
				INFOPLIST_KEY_UILaunchScreen_Generation = YES;
				INFOPLIST_KEY_UISupportedInterfaceOrientations_iPad = "UIInterfaceOrientationPortrait UIInterfaceOrientationPortraitUpsideDown UIInterfaceOrientationLandscapeLeft UIInterfaceOrientationLandscapeRight";
				INFOPLIST_KEY_UISupportedInterfaceOrientations_iPhone = "UIInterfaceOrientationPortrait UIInterfaceOrientationLandscapeLeft UIInterfaceOrientationLandscapeRight";
				LD_RUNPATH_SEARCH_PATHS = (
					"$(inherited)",
					"@executable_path/Frameworks",
				);
				MARKETING_VERSION = 1.0;
				PRODUCT_BUNDLE_IDENTIFIER = AndreaTamez.Rio;
				PRODUCT_NAME = "$(TARGET_NAME)";
				SWIFT_EMIT_LOC_STRINGS = YES;
				SWIFT_VERSION = 5.0;
				TARGETED_DEVICE_FAMILY = "1,2";
			};
			name = Debug;
		};
		49C08C8629C830FB00F2B5D2 /* Release */ = {
			isa = XCBuildConfiguration;
			buildSettings = {
				ASSETCATALOG_COMPILER_APPICON_NAME = AppIcon;
				ASSETCATALOG_COMPILER_GLOBAL_ACCENT_COLOR_NAME = AccentColor;
				CODE_SIGN_STYLE = Automatic;
				CURRENT_PROJECT_VERSION = 1;
				DEVELOPMENT_ASSET_PATHS = "\"Rio/Preview Content\"";
				ENABLE_PREVIEWS = YES;
				GENERATE_INFOPLIST_FILE = YES;
				INFOPLIST_KEY_UIApplicationSceneManifest_Generation = YES;
				INFOPLIST_KEY_UIApplicationSupportsIndirectInputEvents = YES;
				INFOPLIST_KEY_UILaunchScreen_Generation = YES;
				INFOPLIST_KEY_UISupportedInterfaceOrientations_iPad = "UIInterfaceOrientationPortrait UIInterfaceOrientationPortraitUpsideDown UIInterfaceOrientationLandscapeLeft UIInterfaceOrientationLandscapeRight";
				INFOPLIST_KEY_UISupportedInterfaceOrientations_iPhone = "UIInterfaceOrientationPortrait UIInterfaceOrientationLandscapeLeft UIInterfaceOrientationLandscapeRight";
				LD_RUNPATH_SEARCH_PATHS = (
					"$(inherited)",
					"@executable_path/Frameworks",
				);
				MARKETING_VERSION = 1.0;
				PRODUCT_BUNDLE_IDENTIFIER = AndreaTamez.Rio;
				PRODUCT_NAME = "$(TARGET_NAME)";
				SWIFT_EMIT_LOC_STRINGS = YES;
				SWIFT_VERSION = 5.0;
				TARGETED_DEVICE_FAMILY = "1,2";
			};
			name = Release;
		};
		49C08C8829C830FB00F2B5D2 /* Debug */ = {
			isa = XCBuildConfiguration;
			buildSettings = {
				ALWAYS_EMBED_SWIFT_STANDARD_LIBRARIES = YES;
				BUNDLE_LOADER = "$(TEST_HOST)";
				CODE_SIGN_STYLE = Automatic;
				CURRENT_PROJECT_VERSION = 1;
				GENERATE_INFOPLIST_FILE = YES;
				IPHONEOS_DEPLOYMENT_TARGET = 16.2;
				MARKETING_VERSION = 1.0;
				PRODUCT_BUNDLE_IDENTIFIER = AndreaTamez.RioTests;
				PRODUCT_NAME = "$(TARGET_NAME)";
				SWIFT_EMIT_LOC_STRINGS = NO;
				SWIFT_VERSION = 5.0;
				TARGETED_DEVICE_FAMILY = "1,2";
				TEST_HOST = "$(BUILT_PRODUCTS_DIR)/Rio.app/$(BUNDLE_EXECUTABLE_FOLDER_PATH)/Rio";
			};
			name = Debug;
		};
		49C08C8929C830FB00F2B5D2 /* Release */ = {
			isa = XCBuildConfiguration;
			buildSettings = {
				ALWAYS_EMBED_SWIFT_STANDARD_LIBRARIES = YES;
				BUNDLE_LOADER = "$(TEST_HOST)";
				CODE_SIGN_STYLE = Automatic;
				CURRENT_PROJECT_VERSION = 1;
				GENERATE_INFOPLIST_FILE = YES;
				IPHONEOS_DEPLOYMENT_TARGET = 16.2;
				MARKETING_VERSION = 1.0;
				PRODUCT_BUNDLE_IDENTIFIER = AndreaTamez.RioTests;
				PRODUCT_NAME = "$(TARGET_NAME)";
				SWIFT_EMIT_LOC_STRINGS = NO;
				SWIFT_VERSION = 5.0;
				TARGETED_DEVICE_FAMILY = "1,2";
				TEST_HOST = "$(BUILT_PRODUCTS_DIR)/Rio.app/$(BUNDLE_EXECUTABLE_FOLDER_PATH)/Rio";
			};
			name = Release;
		};
		49C08C8B29C830FB00F2B5D2 /* Debug */ = {
			isa = XCBuildConfiguration;
			buildSettings = {
				ALWAYS_EMBED_SWIFT_STANDARD_LIBRARIES = YES;
				CODE_SIGN_STYLE = Automatic;
				CURRENT_PROJECT_VERSION = 1;
				GENERATE_INFOPLIST_FILE = YES;
				MARKETING_VERSION = 1.0;
				PRODUCT_BUNDLE_IDENTIFIER = AndreaTamez.RioUITests;
				PRODUCT_NAME = "$(TARGET_NAME)";
				SWIFT_EMIT_LOC_STRINGS = NO;
				SWIFT_VERSION = 5.0;
				TARGETED_DEVICE_FAMILY = "1,2";
				TEST_TARGET_NAME = Rio;
			};
			name = Debug;
		};
		49C08C8C29C830FB00F2B5D2 /* Release */ = {
			isa = XCBuildConfiguration;
			buildSettings = {
				ALWAYS_EMBED_SWIFT_STANDARD_LIBRARIES = YES;
				CODE_SIGN_STYLE = Automatic;
				CURRENT_PROJECT_VERSION = 1;
				GENERATE_INFOPLIST_FILE = YES;
				MARKETING_VERSION = 1.0;
				PRODUCT_BUNDLE_IDENTIFIER = AndreaTamez.RioUITests;
				PRODUCT_NAME = "$(TARGET_NAME)";
				SWIFT_EMIT_LOC_STRINGS = NO;
				SWIFT_VERSION = 5.0;
				TARGETED_DEVICE_FAMILY = "1,2";
				TEST_TARGET_NAME = Rio;
			};
			name = Release;
		};
/* End XCBuildConfiguration section */

/* Begin XCConfigurationList section */
		49C08C5B29C830F900F2B5D2 /* Build configuration list for PBXProject "Rio" */ = {
			isa = XCConfigurationList;
			buildConfigurations = (
				49C08C8229C830FB00F2B5D2 /* Debug */,
				49C08C8329C830FB00F2B5D2 /* Release */,
			);
			defaultConfigurationIsVisible = 0;
			defaultConfigurationName = Release;
		};
		49C08C8429C830FB00F2B5D2 /* Build configuration list for PBXNativeTarget "Rio" */ = {
			isa = XCConfigurationList;
			buildConfigurations = (
				49C08C8529C830FB00F2B5D2 /* Debug */,
				49C08C8629C830FB00F2B5D2 /* Release */,
			);
			defaultConfigurationIsVisible = 0;
			defaultConfigurationName = Release;
		};
		49C08C8729C830FB00F2B5D2 /* Build configuration list for PBXNativeTarget "RioTests" */ = {
			isa = XCConfigurationList;
			buildConfigurations = (
				49C08C8829C830FB00F2B5D2 /* Debug */,
				49C08C8929C830FB00F2B5D2 /* Release */,
			);
			defaultConfigurationIsVisible = 0;
			defaultConfigurationName = Release;
		};
		49C08C8A29C830FB00F2B5D2 /* Build configuration list for PBXNativeTarget "RioUITests" */ = {
			isa = XCConfigurationList;
			buildConfigurations = (
				49C08C8B29C830FB00F2B5D2 /* Debug */,
				49C08C8C29C830FB00F2B5D2 /* Release */,
			);
			defaultConfigurationIsVisible = 0;
			defaultConfigurationName = Release;
		};
/* End XCConfigurationList section */

/* Begin XCRemoteSwiftPackageReference section */
		49C08C8F29C831AD00F2B5D2 /* XCRemoteSwiftPackageReference "firebase-ios-sdk" */ = {
			isa = XCRemoteSwiftPackageReference;
			repositoryURL = "https://github.com/firebase/firebase-ios-sdk.git";
			requirement = {
				branch = master;
				kind = branch;
			};
		};
/* End XCRemoteSwiftPackageReference section */

/* Begin XCSwiftPackageProductDependency section */
		49C08C9029C831AD00F2B5D2 /* FirebaseAppCheck */ = {
			isa = XCSwiftPackageProductDependency;
			package = 49C08C8F29C831AD00F2B5D2 /* XCRemoteSwiftPackageReference "firebase-ios-sdk" */;
			productName = FirebaseAppCheck;
		};
		49C08C9229C831AD00F2B5D2 /* FirebaseAuth */ = {
			isa = XCSwiftPackageProductDependency;
			package = 49C08C8F29C831AD00F2B5D2 /* XCRemoteSwiftPackageReference "firebase-ios-sdk" */;
			productName = FirebaseAuth;
		};
		49C08C9429C831AD00F2B5D2 /* FirebaseAuthCombine-Community */ = {
			isa = XCSwiftPackageProductDependency;
			package = 49C08C8F29C831AD00F2B5D2 /* XCRemoteSwiftPackageReference "firebase-ios-sdk" */;
			productName = "FirebaseAuthCombine-Community";
		};
		49C08C9629C831AD00F2B5D2 /* FirebaseDatabase */ = {
			isa = XCSwiftPackageProductDependency;
			package = 49C08C8F29C831AD00F2B5D2 /* XCRemoteSwiftPackageReference "firebase-ios-sdk" */;
			productName = FirebaseDatabase;
		};
		49C08C9829C831AD00F2B5D2 /* FirebaseDatabaseSwift */ = {
			isa = XCSwiftPackageProductDependency;
			package = 49C08C8F29C831AD00F2B5D2 /* XCRemoteSwiftPackageReference "firebase-ios-sdk" */;
			productName = FirebaseDatabaseSwift;
		};
		49C08C9A29C831AD00F2B5D2 /* FirebaseDynamicLinks */ = {
			isa = XCSwiftPackageProductDependency;
			package = 49C08C8F29C831AD00F2B5D2 /* XCRemoteSwiftPackageReference "firebase-ios-sdk" */;
			productName = FirebaseDynamicLinks;
		};
		49C08C9C29C831AD00F2B5D2 /* FirebaseFirestore */ = {
			isa = XCSwiftPackageProductDependency;
			package = 49C08C8F29C831AD00F2B5D2 /* XCRemoteSwiftPackageReference "firebase-ios-sdk" */;
			productName = FirebaseFirestore;
		};
		49C08C9E29C831AD00F2B5D2 /* FirebaseFirestoreCombine-Community */ = {
			isa = XCSwiftPackageProductDependency;
			package = 49C08C8F29C831AD00F2B5D2 /* XCRemoteSwiftPackageReference "firebase-ios-sdk" */;
			productName = "FirebaseFirestoreCombine-Community";
		};
		49C08CA029C831AD00F2B5D2 /* FirebaseFirestoreSwift */ = {
			isa = XCSwiftPackageProductDependency;
			package = 49C08C8F29C831AD00F2B5D2 /* XCRemoteSwiftPackageReference "firebase-ios-sdk" */;
			productName = FirebaseFirestoreSwift;
		};
		49C08CA229C831AD00F2B5D2 /* FirebaseFunctions */ = {
			isa = XCSwiftPackageProductDependency;
			package = 49C08C8F29C831AD00F2B5D2 /* XCRemoteSwiftPackageReference "firebase-ios-sdk" */;
			productName = FirebaseFunctions;
		};
		49C08CA429C831AD00F2B5D2 /* FirebaseFunctionsCombine-Community */ = {
			isa = XCSwiftPackageProductDependency;
			package = 49C08C8F29C831AD00F2B5D2 /* XCRemoteSwiftPackageReference "firebase-ios-sdk" */;
			productName = "FirebaseFunctionsCombine-Community";
		};
		49C08CA629C831AD00F2B5D2 /* FirebaseInAppMessaging-Beta */ = {
			isa = XCSwiftPackageProductDependency;
			package = 49C08C8F29C831AD00F2B5D2 /* XCRemoteSwiftPackageReference "firebase-ios-sdk" */;
			productName = "FirebaseInAppMessaging-Beta";
		};
		49C08CA829C831AD00F2B5D2 /* FirebaseInAppMessagingSwift-Beta */ = {
			isa = XCSwiftPackageProductDependency;
			package = 49C08C8F29C831AD00F2B5D2 /* XCRemoteSwiftPackageReference "firebase-ios-sdk" */;
			productName = "FirebaseInAppMessagingSwift-Beta";
		};
		49C08CAA29C831AD00F2B5D2 /* FirebaseInstallations */ = {
			isa = XCSwiftPackageProductDependency;
			package = 49C08C8F29C831AD00F2B5D2 /* XCRemoteSwiftPackageReference "firebase-ios-sdk" */;
			productName = FirebaseInstallations;
		};
		49C08CAC29C831AD00F2B5D2 /* FirebaseMessaging */ = {
			isa = XCSwiftPackageProductDependency;
			package = 49C08C8F29C831AD00F2B5D2 /* XCRemoteSwiftPackageReference "firebase-ios-sdk" */;
			productName = FirebaseMessaging;
		};
		49C08CAE29C831AD00F2B5D2 /* FirebasePerformance */ = {
			isa = XCSwiftPackageProductDependency;
			package = 49C08C8F29C831AD00F2B5D2 /* XCRemoteSwiftPackageReference "firebase-ios-sdk" */;
			productName = FirebasePerformance;
		};
		49C08CB029C831AD00F2B5D2 /* FirebaseRemoteConfig */ = {
			isa = XCSwiftPackageProductDependency;
			package = 49C08C8F29C831AD00F2B5D2 /* XCRemoteSwiftPackageReference "firebase-ios-sdk" */;
			productName = FirebaseRemoteConfig;
		};
		49C08CB229C831AD00F2B5D2 /* FirebaseRemoteConfigSwift */ = {
			isa = XCSwiftPackageProductDependency;
			package = 49C08C8F29C831AD00F2B5D2 /* XCRemoteSwiftPackageReference "firebase-ios-sdk" */;
			productName = FirebaseRemoteConfigSwift;
		};
		49C08CB429C831AD00F2B5D2 /* FirebaseStorage */ = {
			isa = XCSwiftPackageProductDependency;
			package = 49C08C8F29C831AD00F2B5D2 /* XCRemoteSwiftPackageReference "firebase-ios-sdk" */;
			productName = FirebaseStorage;
		};
		49C08CB629C831AD00F2B5D2 /* FirebaseStorageCombine-Community */ = {
			isa = XCSwiftPackageProductDependency;
			package = 49C08C8F29C831AD00F2B5D2 /* XCRemoteSwiftPackageReference "firebase-ios-sdk" */;
			productName = "FirebaseStorageCombine-Community";
		};
/* End XCSwiftPackageProductDependency section */
	};
	rootObject = 49C08C5829C830F900F2B5D2 /* Project object */;
}
