// !$*UTF8*$!
{
	archiveVersion = 1;
	classes = {
	};
	objectVersion = 56;
	objects = {

/* Begin PBXBuildFile section */
		49C08C6429C830F900F2B5D2 /* RioApp.swift in Sources */ = {isa = PBXBuildFile; fileRef = 49C08C6329C830F900F2B5D2 /* RioApp.swift */; };
		49C08C6629C830F900F2B5D2 /* ContentView.swift in Sources */ = {isa = PBXBuildFile; fileRef = 49C08C6529C830F900F2B5D2 /* ContentView.swift */; };
		49C08C6829C830FB00F2B5D2 /* Assets.xcassets in Resources */ = {isa = PBXBuildFile; fileRef = 49C08C6729C830FB00F2B5D2 /* Assets.xcassets */; };
		49C08C6B29C830FB00F2B5D2 /* Preview Assets.xcassets in Resources */ = {isa = PBXBuildFile; fileRef = 49C08C6A29C830FB00F2B5D2 /* Preview Assets.xcassets */; };
		49C08C7529C830FB00F2B5D2 /* RioTests.swift in Sources */ = {isa = PBXBuildFile; fileRef = 49C08C7429C830FB00F2B5D2 /* RioTests.swift */; };
		49C08C7F29C830FB00F2B5D2 /* RioUITests.swift in Sources */ = {isa = PBXBuildFile; fileRef = 49C08C7E29C830FB00F2B5D2 /* RioUITests.swift */; };
		49C08C8129C830FB00F2B5D2 /* RioUITestsLaunchTests.swift in Sources */ = {isa = PBXBuildFile; fileRef = 49C08C8029C830FB00F2B5D2 /* RioUITestsLaunchTests.swift */; };
/* End PBXBuildFile section */

/* Begin PBXContainerItemProxy section */
		49C08C7129C830FB00F2B5D2 /* PBXContainerItemProxy */ = {
			isa = PBXContainerItemProxy;
			containerPortal = 49C08C5829C830F900F2B5D2 /* Project object */;
			proxyType = 1;
			remoteGlobalIDString = 49C08C5F29C830F900F2B5D2;
			remoteInfo = Rio;
		};
		49C08C7B29C830FB00F2B5D2 /* PBXContainerItemProxy */ = {
			isa = PBXContainerItemProxy;
			containerPortal = 49C08C5829C830F900F2B5D2 /* Project object */;
			proxyType = 1;
			remoteGlobalIDString = 49C08C5F29C830F900F2B5D2;
			remoteInfo = Rio;
		};
/* End PBXContainerItemProxy section */

/* Begin PBXFileReference section */
		49C08C6029C830F900F2B5D2 /* Rio.app */ = {isa = PBXFileReference; explicitFileType = wrapper.application; includeInIndex = 0; path = Rio.app; sourceTree = BUILT_PRODUCTS_DIR; };
		49C08C6329C830F900F2B5D2 /* RioApp.swift */ = {isa = PBXFileReference; lastKnownFileType = sourcecode.swift; path = RioApp.swift; sourceTree = "<group>"; };
		49C08C6529C830F900F2B5D2 /* ContentView.swift */ = {isa = PBXFileReference; lastKnownFileType = sourcecode.swift; path = ContentView.swift; sourceTree = "<group>"; };
		49C08C6729C830FB00F2B5D2 /* Assets.xcassets */ = {isa = PBXFileReference; lastKnownFileType = folder.assetcatalog; path = Assets.xcassets; sourceTree = "<group>"; };
		49C08C6A29C830FB00F2B5D2 /* Preview Assets.xcassets */ = {isa = PBXFileReference; lastKnownFileType = folder.assetcatalog; path = "Preview Assets.xcassets"; sourceTree = "<group>"; };
		49C08C7029C830FB00F2B5D2 /* RioTests.xctest */ = {isa = PBXFileReference; explicitFileType = wrapper.cfbundle; includeInIndex = 0; path = RioTests.xctest; sourceTree = BUILT_PRODUCTS_DIR; };
		49C08C7429C830FB00F2B5D2 /* RioTests.swift */ = {isa = PBXFileReference; lastKnownFileType = sourcecode.swift; path = RioTests.swift; sourceTree = "<group>"; };
		49C08C7A29C830FB00F2B5D2 /* RioUITests.xctest */ = {isa = PBXFileReference; explicitFileType = wrapper.cfbundle; includeInIndex = 0; path = RioUITests.xctest; sourceTree = BUILT_PRODUCTS_DIR; };
		49C08C7E29C830FB00F2B5D2 /* RioUITests.swift */ = {isa = PBXFileReference; lastKnownFileType = sourcecode.swift; path = RioUITests.swift; sourceTree = "<group>"; };
		49C08C8029C830FB00F2B5D2 /* RioUITestsLaunchTests.swift */ = {isa = PBXFileReference; lastKnownFileType = sourcecode.swift; path = RioUITestsLaunchTests.swift; sourceTree = "<group>"; };
/* End PBXFileReference section */

/* Begin PBXFrameworksBuildPhase section */
		49C08C5D29C830F900F2B5D2 /* Frameworks */ = {
			isa = PBXFrameworksBuildPhase;
			buildActionMask = 2147483647;
			files = (
			);
			runOnlyForDeploymentPostprocessing = 0;
		};
		49C08C6D29C830FB00F2B5D2 /* Frameworks */ = {
			isa = PBXFrameworksBuildPhase;
			buildActionMask = 2147483647;
			files = (
			);
			runOnlyForDeploymentPostprocessing = 0;
		};
		49C08C7729C830FB00F2B5D2 /* Frameworks */ = {
			isa = PBXFrameworksBuildPhase;
			buildActionMask = 2147483647;
			files = (
			);
			runOnlyForDeploymentPostprocessing = 0;
		};
/* End PBXFrameworksBuildPhase section */

/* Begin PBXGroup section */
		49C08C5729C830F900F2B5D2 = {
			isa = PBXGroup;
			children = (
				49C08C6229C830F900F2B5D2 /* Rio */,
				49C08C7329C830FB00F2B5D2 /* RioTests */,
				49C08C7D29C830FB00F2B5D2 /* RioUITests */,
				49C08C6129C830F900F2B5D2 /* Products */,
			);
			sourceTree = "<group>";
		};
		49C08C6129C830F900F2B5D2 /* Products */ = {
			isa = PBXGroup;
			children = (
				49C08C6029C830F900F2B5D2 /* Rio.app */,
				49C08C7029C830FB00F2B5D2 /* RioTests.xctest */,
				49C08C7A29C830FB00F2B5D2 /* RioUITests.xctest */,
			);
			name = Products;
			sourceTree = "<group>";
		};
		49C08C6229C830F900F2B5D2 /* Rio */ = {
			isa = PBXGroup;
			children = (
				49C08C6329C830F900F2B5D2 /* RioApp.swift */,
				49C08C6529C830F900F2B5D2 /* ContentView.swift */,
				49C08C6729C830FB00F2B5D2 /* Assets.xcassets */,
				49C08C6929C830FB00F2B5D2 /* Preview Content */,
			);
			path = Rio;
			sourceTree = "<group>";
		};
		49C08C6929C830FB00F2B5D2 /* Preview Content */ = {
			isa = PBXGroup;
			children = (
				49C08C6A29C830FB00F2B5D2 /* Preview Assets.xcassets */,
			);
			path = "Preview Content";
			sourceTree = "<group>";
		};
		49C08C7329C830FB00F2B5D2 /* RioTests */ = {
			isa = PBXGroup;
			children = (
				49C08C7429C830FB00F2B5D2 /* RioTests.swift */,
			);
			path = RioTests;
			sourceTree = "<group>";
		};
		49C08C7D29C830FB00F2B5D2 /* RioUITests */ = {
			isa = PBXGroup;
			children = (
				49C08C7E29C830FB00F2B5D2 /* RioUITests.swift */,
				49C08C8029C830FB00F2B5D2 /* RioUITestsLaunchTests.swift */,
			);
			path = RioUITests;
			sourceTree = "<group>";
		};
/* End PBXGroup section */

/* Begin PBXNativeTarget section */
		49C08C5F29C830F900F2B5D2 /* Rio */ = {
			isa = PBXNativeTarget;
			buildConfigurationList = 49C08C8429C830FB00F2B5D2 /* Build configuration list for PBXNativeTarget "Rio" */;
			buildPhases = (
				49C08C5C29C830F900F2B5D2 /* Sources */,
				49C08C5D29C830F900F2B5D2 /* Frameworks */,
				49C08C5E29C830F900F2B5D2 /* Resources */,
			);
			buildRules = (
			);
			dependencies = (
			);
			name = Rio;
			productName = Rio;
			productReference = 49C08C6029C830F900F2B5D2 /* Rio.app */;
			productType = "com.apple.product-type.application";
		};
		49C08C6F29C830FB00F2B5D2 /* RioTests */ = {
			isa = PBXNativeTarget;
			buildConfigurationList = 49C08C8729C830FB00F2B5D2 /* Build configuration list for PBXNativeTarget "RioTests" */;
			buildPhases = (
				49C08C6C29C830FB00F2B5D2 /* Sources */,
				49C08C6D29C830FB00F2B5D2 /* Frameworks */,
				49C08C6E29C830FB00F2B5D2 /* Resources */,
			);
			buildRules = (
			);
			dependencies = (
				49C08C7229C830FB00F2B5D2 /* PBXTargetDependency */,
			);
			name = RioTests;
			productName = RioTests;
			productReference = 49C08C7029C830FB00F2B5D2 /* RioTests.xctest */;
			productType = "com.apple.product-type.bundle.unit-test";
		};
		49C08C7929C830FB00F2B5D2 /* RioUITests */ = {
			isa = PBXNativeTarget;
			buildConfigurationList = 49C08C8A29C830FB00F2B5D2 /* Build configuration list for PBXNativeTarget "RioUITests" */;
			buildPhases = (
				49C08C7629C830FB00F2B5D2 /* Sources */,
				49C08C7729C830FB00F2B5D2 /* Frameworks */,
				49C08C7829C830FB00F2B5D2 /* Resources */,
			);
			buildRules = (
			);
			dependencies = (
				49C08C7C29C830FB00F2B5D2 /* PBXTargetDependency */,
			);
			name = RioUITests;
			productName = RioUITests;
			productReference = 49C08C7A29C830FB00F2B5D2 /* RioUITests.xctest */;
			productType = "com.apple.product-type.bundle.ui-testing";
		};
/* End PBXNativeTarget section */

/* Begin PBXProject section */
		49C08C5829C830F900F2B5D2 /* Project object */ = {
			isa = PBXProject;
			attributes = {
				BuildIndependentTargetsInParallel = 1;
				LastSwiftUpdateCheck = 1420;
				LastUpgradeCheck = 1420;
				TargetAttributes = {
					49C08C5F29C830F900F2B5D2 = {
						CreatedOnToolsVersion = 14.2;
					};
					49C08C6F29C830FB00F2B5D2 = {
						CreatedOnToolsVersion = 14.2;
						TestTargetID = 49C08C5F29C830F900F2B5D2;
					};
					49C08C7929C830FB00F2B5D2 = {
						CreatedOnToolsVersion = 14.2;
						TestTargetID = 49C08C5F29C830F900F2B5D2;
					};
				};
			};
			buildConfigurationList = 49C08C5B29C830F900F2B5D2 /* Build configuration list for PBXProject "Rio" */;
			compatibilityVersion = "Xcode 14.0";
			developmentRegion = en;
			hasScannedForEncodings = 0;
			knownRegions = (
				en,
				Base,
			);
			mainGroup = 49C08C5729C830F900F2B5D2;
			productRefGroup = 49C08C6129C830F900F2B5D2 /* Products */;
			projectDirPath = "";
			projectRoot = "";
			targets = (
				49C08C5F29C830F900F2B5D2 /* Rio */,
				49C08C6F29C830FB00F2B5D2 /* RioTests */,
				49C08C7929C830FB00F2B5D2 /* RioUITests */,
			);
		};
/* End PBXProject section */

/* Begin PBXResourcesBuildPhase section */
		49C08C5E29C830F900F2B5D2 /* Resources */ = {
			isa = PBXResourcesBuildPhase;
			buildActionMask = 2147483647;
			files = (
				49C08C6B29C830FB00F2B5D2 /* Preview Assets.xcassets in Resources */,
				49C08C6829C830FB00F2B5D2 /* Assets.xcassets in Resources */,
			);
			runOnlyForDeploymentPostprocessing = 0;
		};
		49C08C6E29C830FB00F2B5D2 /* Resources */ = {
			isa = PBXResourcesBuildPhase;
			buildActionMask = 2147483647;
			files = (
			);
			runOnlyForDeploymentPostprocessing = 0;
		};
		49C08C7829C830FB00F2B5D2 /* Resources */ = {
			isa = PBXResourcesBuildPhase;
			buildActionMask = 2147483647;
			files = (
			);
			runOnlyForDeploymentPostprocessing = 0;
		};
/* End PBXResourcesBuildPhase section */

/* Begin PBXSourcesBuildPhase section */
		49C08C5C29C830F900F2B5D2 /* Sources */ = {
			isa = PBXSourcesBuildPhase;
			buildActionMask = 2147483647;
			files = (
				49C08C6629C830F900F2B5D2 /* ContentView.swift in Sources */,
				49C08C6429C830F900F2B5D2 /* RioApp.swift in Sources */,
			);
			runOnlyForDeploymentPostprocessing = 0;
		};
		49C08C6C29C830FB00F2B5D2 /* Sources */ = {
			isa = PBXSourcesBuildPhase;
			buildActionMask = 2147483647;
			files = (
				49C08C7529C830FB00F2B5D2 /* RioTests.swift in Sources */,
			);
			runOnlyForDeploymentPostprocessing = 0;
		};
		49C08C7629C830FB00F2B5D2 /* Sources */ = {
			isa = PBXSourcesBuildPhase;
			buildActionMask = 2147483647;
			files = (
				49C08C7F29C830FB00F2B5D2 /* RioUITests.swift in Sources */,
				49C08C8129C830FB00F2B5D2 /* RioUITestsLaunchTests.swift in Sources */,
			);
			runOnlyForDeploymentPostprocessing = 0;
		};
/* End PBXSourcesBuildPhase section */

/* Begin PBXTargetDependency section */
		49C08C7229C830FB00F2B5D2 /* PBXTargetDependency */ = {
			isa = PBXTargetDependency;
			target = 49C08C5F29C830F900F2B5D2 /* Rio */;
			targetProxy = 49C08C7129C830FB00F2B5D2 /* PBXContainerItemProxy */;
		};
		49C08C7C29C830FB00F2B5D2 /* PBXTargetDependency */ = {
			isa = PBXTargetDependency;
			target = 49C08C5F29C830F900F2B5D2 /* Rio */;
			targetProxy = 49C08C7B29C830FB00F2B5D2 /* PBXContainerItemProxy */;
		};
/* End PBXTargetDependency section */

/* Begin XCBuildConfiguration section */
		49C08C8229C830FB00F2B5D2 /* Debug */ = {
			isa = XCBuildConfiguration;
			buildSettings = {
				ALWAYS_SEARCH_USER_PATHS = NO;
				CLANG_ANALYZER_NONNULL = YES;
				CLANG_ANALYZER_NUMBER_OBJECT_CONVERSION = YES_AGGRESSIVE;
				CLANG_CXX_LANGUAGE_STANDARD = "gnu++20";
				CLANG_ENABLE_MODULES = YES;
				CLANG_ENABLE_OBJC_ARC = YES;
				CLANG_ENABLE_OBJC_WEAK = YES;
				CLANG_WARN_BLOCK_CAPTURE_AUTORELEASING = YES;
				CLANG_WARN_BOOL_CONVERSION = YES;
				CLANG_WARN_COMMA = YES;
				CLANG_WARN_CONSTANT_CONVERSION = YES;
				CLANG_WARN_DEPRECATED_OBJC_IMPLEMENTATIONS = YES;
				CLANG_WARN_DIRECT_OBJC_ISA_USAGE = YES_ERROR;
				CLANG_WARN_DOCUMENTATION_COMMENTS = YES;
				CLANG_WARN_EMPTY_BODY = YES;
				CLANG_WARN_ENUM_CONVERSION = YES;
				CLANG_WARN_INFINITE_RECURSION = YES;
				CLANG_WARN_INT_CONVERSION = YES;
				CLANG_WARN_NON_LITERAL_NULL_CONVERSION = YES;
				CLANG_WARN_OBJC_IMPLICIT_RETAIN_SELF = YES;
				CLANG_WARN_OBJC_LITERAL_CONVERSION = YES;
				CLANG_WARN_OBJC_ROOT_CLASS = YES_ERROR;
				CLANG_WARN_QUOTED_INCLUDE_IN_FRAMEWORK_HEADER = YES;
				CLANG_WARN_RANGE_LOOP_ANALYSIS = YES;
				CLANG_WARN_STRICT_PROTOTYPES = YES;
				CLANG_WARN_SUSPICIOUS_MOVE = YES;
				CLANG_WARN_UNGUARDED_AVAILABILITY = YES_AGGRESSIVE;
				CLANG_WARN_UNREACHABLE_CODE = YES;
				CLANG_WARN__DUPLICATE_METHOD_MATCH = YES;
				COPY_PHASE_STRIP = NO;
				DEBUG_INFORMATION_FORMAT = dwarf;
				ENABLE_STRICT_OBJC_MSGSEND = YES;
				ENABLE_TESTABILITY = YES;
				GCC_C_LANGUAGE_STANDARD = gnu11;
				GCC_DYNAMIC_NO_PIC = NO;
				GCC_NO_COMMON_BLOCKS = YES;
				GCC_OPTIMIZATION_LEVEL = 0;
				GCC_PREPROCESSOR_DEFINITIONS = (
					"DEBUG=1",
					"$(inherited)",
				);
				GCC_WARN_64_TO_32_BIT_CONVERSION = YES;
				GCC_WARN_ABOUT_RETURN_TYPE = YES_ERROR;
				GCC_WARN_UNDECLARED_SELECTOR = YES;
				GCC_WARN_UNINITIALIZED_AUTOS = YES_AGGRESSIVE;
				GCC_WARN_UNUSED_FUNCTION = YES;
				GCC_WARN_UNUSED_VARIABLE = YES;
				IPHONEOS_DEPLOYMENT_TARGET = 16.2;
				MTL_ENABLE_DEBUG_INFO = INCLUDE_SOURCE;
				MTL_FAST_MATH = YES;
				ONLY_ACTIVE_ARCH = YES;
				SDKROOT = iphoneos;
				SWIFT_ACTIVE_COMPILATION_CONDITIONS = DEBUG;
				SWIFT_OPTIMIZATION_LEVEL = "-Onone";
			};
			name = Debug;
		};
		49C08C8329C830FB00F2B5D2 /* Release */ = {
			isa = XCBuildConfiguration;
			buildSettings = {
				ALWAYS_SEARCH_USER_PATHS = NO;
				CLANG_ANALYZER_NONNULL = YES;
				CLANG_ANALYZER_NUMBER_OBJECT_CONVERSION = YES_AGGRESSIVE;
				CLANG_CXX_LANGUAGE_STANDARD = "gnu++20";
				CLANG_ENABLE_MODULES = YES;
				CLANG_ENABLE_OBJC_ARC = YES;
				CLANG_ENABLE_OBJC_WEAK = YES;
				CLANG_WARN_BLOCK_CAPTURE_AUTORELEASING = YES;
				CLANG_WARN_BOOL_CONVERSION = YES;
				CLANG_WARN_COMMA = YES;
				CLANG_WARN_CONSTANT_CONVERSION = YES;
				CLANG_WARN_DEPRECATED_OBJC_IMPLEMENTATIONS = YES;
				CLANG_WARN_DIRECT_OBJC_ISA_USAGE = YES_ERROR;
				CLANG_WARN_DOCUMENTATION_COMMENTS = YES;
				CLANG_WARN_EMPTY_BODY = YES;
				CLANG_WARN_ENUM_CONVERSION = YES;
				CLANG_WARN_INFINITE_RECURSION = YES;
				CLANG_WARN_INT_CONVERSION = YES;
				CLANG_WARN_NON_LITERAL_NULL_CONVERSION = YES;
				CLANG_WARN_OBJC_IMPLICIT_RETAIN_SELF = YES;
				CLANG_WARN_OBJC_LITERAL_CONVERSION = YES;
				CLANG_WARN_OBJC_ROOT_CLASS = YES_ERROR;
				CLANG_WARN_QUOTED_INCLUDE_IN_FRAMEWORK_HEADER = YES;
				CLANG_WARN_RANGE_LOOP_ANALYSIS = YES;
				CLANG_WARN_STRICT_PROTOTYPES = YES;
				CLANG_WARN_SUSPICIOUS_MOVE = YES;
				CLANG_WARN_UNGUARDED_AVAILABILITY = YES_AGGRESSIVE;
				CLANG_WARN_UNREACHABLE_CODE = YES;
				CLANG_WARN__DUPLICATE_METHOD_MATCH = YES;
				COPY_PHASE_STRIP = NO;
				DEBUG_INFORMATION_FORMAT = "dwarf-with-dsym";
				ENABLE_NS_ASSERTIONS = NO;
				ENABLE_STRICT_OBJC_MSGSEND = YES;
				GCC_C_LANGUAGE_STANDARD = gnu11;
				GCC_NO_COMMON_BLOCKS = YES;
				GCC_WARN_64_TO_32_BIT_CONVERSION = YES;
				GCC_WARN_ABOUT_RETURN_TYPE = YES_ERROR;
				GCC_WARN_UNDECLARED_SELECTOR = YES;
				GCC_WARN_UNINITIALIZED_AUTOS = YES_AGGRESSIVE;
				GCC_WARN_UNUSED_FUNCTION = YES;
				GCC_WARN_UNUSED_VARIABLE = YES;
				IPHONEOS_DEPLOYMENT_TARGET = 16.2;
				MTL_ENABLE_DEBUG_INFO = NO;
				MTL_FAST_MATH = YES;
				SDKROOT = iphoneos;
				SWIFT_COMPILATION_MODE = wholemodule;
				SWIFT_OPTIMIZATION_LEVEL = "-O";
				VALIDATE_PRODUCT = YES;
			};
			name = Release;
		};
		49C08C8529C830FB00F2B5D2 /* Debug */ = {
			isa = XCBuildConfiguration;
			buildSettings = {
				ASSETCATALOG_COMPILER_APPICON_NAME = AppIcon;
				ASSETCATALOG_COMPILER_GLOBAL_ACCENT_COLOR_NAME = AccentColor;
				CODE_SIGN_STYLE = Automatic;
				CURRENT_PROJECT_VERSION = 1;
				DEVELOPMENT_ASSET_PATHS = "\"Rio/Preview Content\"";
				ENABLE_PREVIEWS = YES;
				GENERATE_INFOPLIST_FILE = YES;
				INFOPLIST_KEY_UIApplicationSceneManifest_Generation = YES;
				INFOPLIST_KEY_UIApplicationSupportsIndirectInputEvents = YES;
				INFOPLIST_KEY_UILaunchScreen_Generation = YES;
				INFOPLIST_KEY_UISupportedInterfaceOrientations_iPad = "UIInterfaceOrientationPortrait UIInterfaceOrientationPortraitUpsideDown UIInterfaceOrientationLandscapeLeft UIInterfaceOrientationLandscapeRight";
				INFOPLIST_KEY_UISupportedInterfaceOrientations_iPhone = "UIInterfaceOrientationPortrait UIInterfaceOrientationLandscapeLeft UIInterfaceOrientationLandscapeRight";
				LD_RUNPATH_SEARCH_PATHS = (
					"$(inherited)",
					"@executable_path/Frameworks",
				);
				MARKETING_VERSION = 1.0;
				PRODUCT_BUNDLE_IDENTIFIER = AndreaTamez.Rio;
				PRODUCT_NAME = "$(TARGET_NAME)";
				SWIFT_EMIT_LOC_STRINGS = YES;
				SWIFT_VERSION = 5.0;
				TARGETED_DEVICE_FAMILY = "1,2";
			};
			name = Debug;
		};
		49C08C8629C830FB00F2B5D2 /* Release */ = {
			isa = XCBuildConfiguration;
			buildSettings = {
				ASSETCATALOG_COMPILER_APPICON_NAME = AppIcon;
				ASSETCATALOG_COMPILER_GLOBAL_ACCENT_COLOR_NAME = AccentColor;
				CODE_SIGN_STYLE = Automatic;
				CURRENT_PROJECT_VERSION = 1;
				DEVELOPMENT_ASSET_PATHS = "\"Rio/Preview Content\"";
				ENABLE_PREVIEWS = YES;
				GENERATE_INFOPLIST_FILE = YES;
				INFOPLIST_KEY_UIApplicationSceneManifest_Generation = YES;
				INFOPLIST_KEY_UIApplicationSupportsIndirectInputEvents = YES;
				INFOPLIST_KEY_UILaunchScreen_Generation = YES;
				INFOPLIST_KEY_UISupportedInterfaceOrientations_iPad = "UIInterfaceOrientationPortrait UIInterfaceOrientationPortraitUpsideDown UIInterfaceOrientationLandscapeLeft UIInterfaceOrientationLandscapeRight";
				INFOPLIST_KEY_UISupportedInterfaceOrientations_iPhone = "UIInterfaceOrientationPortrait UIInterfaceOrientationLandscapeLeft UIInterfaceOrientationLandscapeRight";
				LD_RUNPATH_SEARCH_PATHS = (
					"$(inherited)",
					"@executable_path/Frameworks",
				);
				MARKETING_VERSION = 1.0;
				PRODUCT_BUNDLE_IDENTIFIER = AndreaTamez.Rio;
				PRODUCT_NAME = "$(TARGET_NAME)";
				SWIFT_EMIT_LOC_STRINGS = YES;
				SWIFT_VERSION = 5.0;
				TARGETED_DEVICE_FAMILY = "1,2";
			};
			name = Release;
		};
		49C08C8829C830FB00F2B5D2 /* Debug */ = {
			isa = XCBuildConfiguration;
			buildSettings = {
				ALWAYS_EMBED_SWIFT_STANDARD_LIBRARIES = YES;
				BUNDLE_LOADER = "$(TEST_HOST)";
				CODE_SIGN_STYLE = Automatic;
				CURRENT_PROJECT_VERSION = 1;
				GENERATE_INFOPLIST_FILE = YES;
				IPHONEOS_DEPLOYMENT_TARGET = 16.2;
				MARKETING_VERSION = 1.0;
				PRODUCT_BUNDLE_IDENTIFIER = AndreaTamez.RioTests;
				PRODUCT_NAME = "$(TARGET_NAME)";
				SWIFT_EMIT_LOC_STRINGS = NO;
				SWIFT_VERSION = 5.0;
				TARGETED_DEVICE_FAMILY = "1,2";
				TEST_HOST = "$(BUILT_PRODUCTS_DIR)/Rio.app/$(BUNDLE_EXECUTABLE_FOLDER_PATH)/Rio";
			};
			name = Debug;
		};
		49C08C8929C830FB00F2B5D2 /* Release */ = {
			isa = XCBuildConfiguration;
			buildSettings = {
				ALWAYS_EMBED_SWIFT_STANDARD_LIBRARIES = YES;
				BUNDLE_LOADER = "$(TEST_HOST)";
				CODE_SIGN_STYLE = Automatic;
				CURRENT_PROJECT_VERSION = 1;
				GENERATE_INFOPLIST_FILE = YES;
				IPHONEOS_DEPLOYMENT_TARGET = 16.2;
				MARKETING_VERSION = 1.0;
				PRODUCT_BUNDLE_IDENTIFIER = AndreaTamez.RioTests;
				PRODUCT_NAME = "$(TARGET_NAME)";
				SWIFT_EMIT_LOC_STRINGS = NO;
				SWIFT_VERSION = 5.0;
				TARGETED_DEVICE_FAMILY = "1,2";
				TEST_HOST = "$(BUILT_PRODUCTS_DIR)/Rio.app/$(BUNDLE_EXECUTABLE_FOLDER_PATH)/Rio";
			};
			name = Release;
		};
		49C08C8B29C830FB00F2B5D2 /* Debug */ = {
			isa = XCBuildConfiguration;
			buildSettings = {
				ALWAYS_EMBED_SWIFT_STANDARD_LIBRARIES = YES;
				CODE_SIGN_STYLE = Automatic;
				CURRENT_PROJECT_VERSION = 1;
				GENERATE_INFOPLIST_FILE = YES;
				MARKETING_VERSION = 1.0;
				PRODUCT_BUNDLE_IDENTIFIER = AndreaTamez.RioUITests;
				PRODUCT_NAME = "$(TARGET_NAME)";
				SWIFT_EMIT_LOC_STRINGS = NO;
				SWIFT_VERSION = 5.0;
				TARGETED_DEVICE_FAMILY = "1,2";
				TEST_TARGET_NAME = Rio;
			};
			name = Debug;
		};
		49C08C8C29C830FB00F2B5D2 /* Release */ = {
			isa = XCBuildConfiguration;
			buildSettings = {
				ALWAYS_EMBED_SWIFT_STANDARD_LIBRARIES = YES;
				CODE_SIGN_STYLE = Automatic;
				CURRENT_PROJECT_VERSION = 1;
				GENERATE_INFOPLIST_FILE = YES;
				MARKETING_VERSION = 1.0;
				PRODUCT_BUNDLE_IDENTIFIER = AndreaTamez.RioUITests;
				PRODUCT_NAME = "$(TARGET_NAME)";
				SWIFT_EMIT_LOC_STRINGS = NO;
				SWIFT_VERSION = 5.0;
				TARGETED_DEVICE_FAMILY = "1,2";
				TEST_TARGET_NAME = Rio;
			};
			name = Release;
		};
/* End XCBuildConfiguration section */

/* Begin XCConfigurationList section */
		49C08C5B29C830F900F2B5D2 /* Build configuration list for PBXProject "Rio" */ = {
			isa = XCConfigurationList;
			buildConfigurations = (
				49C08C8229C830FB00F2B5D2 /* Debug */,
				49C08C8329C830FB00F2B5D2 /* Release */,
			);
			defaultConfigurationIsVisible = 0;
			defaultConfigurationName = Release;
		};
		49C08C8429C830FB00F2B5D2 /* Build configuration list for PBXNativeTarget "Rio" */ = {
			isa = XCConfigurationList;
			buildConfigurations = (
				49C08C8529C830FB00F2B5D2 /* Debug */,
				49C08C8629C830FB00F2B5D2 /* Release */,
			);
			defaultConfigurationIsVisible = 0;
			defaultConfigurationName = Release;
		};
		49C08C8729C830FB00F2B5D2 /* Build configuration list for PBXNativeTarget "RioTests" */ = {
			isa = XCConfigurationList;
			buildConfigurations = (
				49C08C8829C830FB00F2B5D2 /* Debug */,
				49C08C8929C830FB00F2B5D2 /* Release */,
			);
			defaultConfigurationIsVisible = 0;
			defaultConfigurationName = Release;
		};
		49C08C8A29C830FB00F2B5D2 /* Build configuration list for PBXNativeTarget "RioUITests" */ = {
			isa = XCConfigurationList;
			buildConfigurations = (
				49C08C8B29C830FB00F2B5D2 /* Debug */,
				49C08C8C29C830FB00F2B5D2 /* Release */,
			);
			defaultConfigurationIsVisible = 0;
			defaultConfigurationName = Release;
		};
/* End XCConfigurationList section */
	};
	rootObject = 49C08C5829C830F900F2B5D2 /* Project object */;
}
